
Microsoft Visual Studio Solution File, Format Version 12.00
# Visual Studio Version 16
VisualStudioVersion = 16.0.29613.14
MinimumVisualStudioVersion = 10.0.40219.1
Project("{FAE04EC0-301F-11D3-BF4B-00C04F79EFBC}") = "WebAPIDemo", "WebAPIDemo\WebAPIDemo.csproj", "{0FF64192-7119-4B17-ADE3-2495FAA1FDC3}"
EndProject
Global
	GlobalSection(SolutionConfigurationPlatforms) = preSolution
		Debug|Any CPU = Debug|Any CPU
		Release|Any CPU = Release|Any CPU
	EndGlobalSection
	GlobalSection(ProjectConfigurationPlatforms) = postSolution
		{0FF64192-7119-4B17-ADE3-2495FAA1FDC3}.Debug|Any CPU.ActiveCfg = Debug|Any CPU
		{0FF64192-7119-4B17-ADE3-2495FAA1FDC3}.Debug|Any CPU.Build.0 = Debug|Any CPU
		{0FF64192-7119-4B17-ADE3-2495FAA1FDC3}.Release|Any CPU.ActiveCfg = Release|Any CPU
		{0FF64192-7119-4B17-ADE3-2495FAA1FDC3}.Release|Any CPU.Build.0 = Release|Any CPU
	EndGlobalSection
	GlobalSection(SolutionProperties) = preSolution
		HideSolutionNode = FALSE
	EndGlobalSection
	GlobalSection(ExtensibilityGlobals) = postSolution
		SolutionGuid = {ED38425B-7B84-449D-BFC0-D00055C547C3}
	EndGlobalSection
EndGlobal
