
Microsoft Visual Studio Solution File, Format Version 12.00
# Visual Studio Version 16
VisualStudioVersion = 16.0.29613.14
MinimumVisualStudioVersion = 10.0.40219.1
Project("{FAE04EC0-301F-11D3-BF4B-00C04F79EFBC}") = "HandsOnDemo", "HandsOnDemo\HandsOnDemo.csproj", "{D09422E0-3AB4-484F-8A6A-EB534F734A96}"
EndProject
Global
	GlobalSection(SolutionConfigurationPlatforms) = preSolution
		Debug|Any CPU = Debug|Any CPU
		Release|Any CPU = Release|Any CPU
	EndGlobalSection
	GlobalSection(ProjectConfigurationPlatforms) = postSolution
		{D09422E0-3AB4-484F-8A6A-EB534F734A96}.Debug|Any CPU.ActiveCfg = Debug|Any CPU
		{D09422E0-3AB4-484F-8A6A-EB534F734A96}.Debug|Any CPU.Build.0 = Debug|Any CPU
		{D09422E0-3AB4-484F-8A6A-EB534F734A96}.Release|Any CPU.ActiveCfg = Release|Any CPU
		{D09422E0-3AB4-484F-8A6A-EB534F734A96}.Release|Any CPU.Build.0 = Release|Any CPU
	EndGlobalSection
	GlobalSection(SolutionProperties) = preSolution
		HideSolutionNode = FALSE
	EndGlobalSection
	GlobalSection(ExtensibilityGlobals) = postSolution
		SolutionGuid = {D14451F2-EE62-4A15-9F01-BBD0EFFCCF04}
	EndGlobalSection
EndGlobal
